# This file is automatically @generated by Poetry 1.8.5 and should not be changed by hand.

[[package]]
name = "polars"
version = "1.21.0"
description = "Blazingly fast DataFrame library"
optional = false
python-versions = ">=3.9"
files = [
    {file = "polars-1.21.0-cp39-abi3-macosx_10_12_x86_64.whl", hash = "sha256:063f8807f633f8fd15458a43971d930f6ee568b8e95936d7736c9054fc4f6f52"},
    {file = "polars-1.21.0-cp39-abi3-macosx_11_0_arm64.whl", hash = "sha256:519863e0990e3323e7a32fc66bac3ad9da51938a1ffce6c09a92e0b1adb026a5"},
    {file = "polars-1.21.0-cp39-abi3-manylinux_2_17_x86_64.manylinux2014_x86_64.whl", hash = "sha256:bbecddca35c57efde99070517db5d2c63d4c6d0e3c992123ba3be93e86e7bfac"},
    {file = "polars-1.21.0-cp39-abi3-manylinux_2_24_aarch64.whl", hash = "sha256:d9ce8e6f0d8140e67b0f7c276d22bb5f3345ce7412558643c8b5c270db254b64"},
    {file = "polars-1.21.0-cp39-abi3-win_amd64.whl", hash = "sha256:c4517abb008af890e4ca8fb6bb0372868381017af0ecadf9d062e2f91f50b276"},
    {file = "polars-1.21.0-cp39-abi3-win_arm64.whl", hash = "sha256:6bb0ba805defb05b76fdca392e48d84d1f16403de5be25d4dd8cdc7fccfd4251"},
    {file = "polars-1.21.0.tar.gz", hash = "sha256:7692d0fe0fb4faac18ef9423de55789e289f4d3f26d42519bd23ef8afb672d62"},
]

[package.extras]
adbc = ["adbc-driver-manager[dbapi]", "adbc-driver-sqlite[dbapi]"]
all = ["polars[async,cloudpickle,database,deltalake,excel,fsspec,graph,iceberg,numpy,pandas,plot,pyarrow,pydantic,style,timezone]"]
async = ["gevent"]
calamine = ["fastexcel (>=0.9)"]
cloudpickle = ["cloudpickle"]
connectorx = ["connectorx (>=0.3.2)"]
database = ["polars[adbc,connectorx,sqlalchemy]"]
deltalake = ["deltalake (>=0.19.0)"]
excel = ["polars[calamine,openpyxl,xlsx2csv,xlsxwriter]"]
fsspec = ["fsspec"]
gpu = ["cudf-polars-cu12"]
graph = ["matplotlib"]
iceberg = ["pyiceberg (>=0.5.0)"]
numpy = ["numpy (>=1.16.0)"]
openpyxl = ["openpyxl (>=3.0.0)"]
pandas = ["pandas", "polars[pyarrow]"]
plot = ["altair (>=5.4.0)"]
pyarrow = ["pyarrow (>=7.0.0)"]
pydantic = ["pydantic"]
sqlalchemy = ["polars[pandas]", "sqlalchemy"]
style = ["great-tables (>=0.8.0)"]
timezone = ["tzdata"]
xlsx2csv = ["xlsx2csv (>=0.8.0)"]
xlsxwriter = ["xlsxwriter"]

[[package]]
name = "pypdf2"
version = "3.0.1"
description = "A pure-python PDF library capable of splitting, merging, cropping, and transforming PDF files"
optional = false
python-versions = ">=3.6"
files = [
    {file = "PyPDF2-3.0.1.tar.gz", hash = "sha256:a74408f69ba6271f71b9352ef4ed03dc53a31aa404d29b5d31f53bfecfee1440"},
    {file = "pypdf2-3.0.1-py3-none-any.whl", hash = "sha256:d16e4205cfee272fbdc0568b68d82be796540b1537508cef59388f839c191928"},
]

[package.extras]
crypto = ["PyCryptodome"]
dev = ["black", "flit", "pip-tools", "pre-commit (<2.18.0)", "pytest-cov", "wheel"]
docs = ["myst_parser", "sphinx", "sphinx_rtd_theme"]
full = ["Pillow", "PyCryptodome"]
image = ["Pillow"]

[metadata]
lock-version = "2.0"
python-versions = "^3.13"
content-hash = "891977184f87ac6e940744dbed05a800b7ffe6c43a0f3315b2a4211ace5cbf4e"
